
Microsoft Visual Studio Solution File, Format Version 12.00
# Visual Studio 14
VisualStudioVersion = 14.0.25420.1
MinimumVisualStudioVersion = 10.0.40219.1
Project("{FAE04EC0-301F-11D3-BF4B-00C04F79EFBC}") = "Biziday.UWP", "Biziday.UWP\Biziday.UWP.csproj", "{788381EF-524B-43A5-9760-B3D2C5343A06}"
	ProjectSection(ProjectDependencies) = postProject
		{B0A620E7-4D5C-4B05-A798-EE705912024B} = {B0A620E7-4D5C-4B05-A798-EE705912024B}
	EndProjectSection
EndProject
Project("{FAE04EC0-301F-11D3-BF4B-00C04F79EFBC}") = "Biziday.Core", "Biziday.Core\Biziday.Core.csproj", "{7AB1DC18-9F65-4C5F-AAA5-7CAFC2C3FC08}"
EndProject
Project("{FAE04EC0-301F-11D3-BF4B-00C04F79EFBC}") = "Biziday.NewsTask", "Biziday.Task\Biziday.NewsTask.csproj", "{B0A620E7-4D5C-4B05-A798-EE705912024B}"
EndProject
Global
	GlobalSection(SolutionConfigurationPlatforms) = preSolution
		Debug|Any CPU = Debug|Any CPU
		Debug|ARM = Debug|ARM
		Debug|x64 = Debug|x64
		Debug|x86 = Debug|x86
		Release|Any CPU = Release|Any CPU
		Release|ARM = Release|ARM
		Release|x64 = Release|x64
		Release|x86 = Release|x86
	EndGlobalSection
	GlobalSection(ProjectConfigurationPlatforms) = postSolution
		{788381EF-524B-43A5-9760-B3D2C5343A06}.Debug|Any CPU.ActiveCfg = Debug|x86
		{788381EF-524B-43A5-9760-B3D2C5343A06}.Debug|Any CPU.Build.0 = Debug|x86
		{788381EF-524B-43A5-9760-B3D2C5343A06}.Debug|Any CPU.Deploy.0 = Debug|x86
		{788381EF-524B-43A5-9760-B3D2C5343A06}.Debug|ARM.ActiveCfg = Debug|ARM
		{788381EF-524B-43A5-9760-B3D2C5343A06}.Debug|ARM.Build.0 = Debug|ARM
		{788381EF-524B-43A5-9760-B3D2C5343A06}.Debug|ARM.Deploy.0 = Debug|ARM
		{788381EF-524B-43A5-9760-B3D2C5343A06}.Debug|x64.ActiveCfg = Debug|x64
		{788381EF-524B-43A5-9760-B3D2C5343A06}.Debug|x64.Build.0 = Debug|x64
		{788381EF-524B-43A5-9760-B3D2C5343A06}.Debug|x64.Deploy.0 = Debug|x64
		{788381EF-524B-43A5-9760-B3D2C5343A06}.Debug|x86.ActiveCfg = Debug|x86
		{788381EF-524B-43A5-9760-B3D2C5343A06}.Debug|x86.Build.0 = Debug|x86
		{788381EF-524B-43A5-9760-B3D2C5343A06}.Debug|x86.Deploy.0 = Debug|x86
		{788381EF-524B-43A5-9760-B3D2C5343A06}.Release|Any CPU.ActiveCfg = Release|x86
		{788381EF-524B-43A5-9760-B3D2C5343A06}.Release|ARM.ActiveCfg = Release|ARM
		{788381EF-524B-43A5-9760-B3D2C5343A06}.Release|ARM.Build.0 = Release|ARM
		{788381EF-524B-43A5-9760-B3D2C5343A06}.Release|ARM.Deploy.0 = Release|ARM
		{788381EF-524B-43A5-9760-B3D2C5343A06}.Release|x64.ActiveCfg = Release|x64
		{788381EF-524B-43A5-9760-B3D2C5343A06}.Release|x64.Build.0 = Release|x64
		{788381EF-524B-43A5-9760-B3D2C5343A06}.Release|x64.Deploy.0 = Release|x64
		{788381EF-524B-43A5-9760-B3D2C5343A06}.Release|x86.ActiveCfg = Release|x86
		{788381EF-524B-43A5-9760-B3D2C5343A06}.Release|x86.Build.0 = Release|x86
		{788381EF-524B-43A5-9760-B3D2C5343A06}.Release|x86.Deploy.0 = Release|x86
		{7AB1DC18-9F65-4C5F-AAA5-7CAFC2C3FC08}.Debug|Any CPU.ActiveCfg = Debug|Any CPU
		{7AB1DC18-9F65-4C5F-AAA5-7CAFC2C3FC08}.Debug|Any CPU.Build.0 = Debug|Any CPU
		{7AB1DC18-9F65-4C5F-AAA5-7CAFC2C3FC08}.Debug|ARM.ActiveCfg = Debug|ARM
		{7AB1DC18-9F65-4C5F-AAA5-7CAFC2C3FC08}.Debug|ARM.Build.0 = Debug|ARM
		{7AB1DC18-9F65-4C5F-AAA5-7CAFC2C3FC08}.Debug|x64.ActiveCfg = Debug|x64
		{7AB1DC18-9F65-4C5F-AAA5-7CAFC2C3FC08}.Debug|x64.Build.0 = Debug|x64
		{7AB1DC18-9F65-4C5F-AAA5-7CAFC2C3FC08}.Debug|x86.ActiveCfg = Debug|x86
		{7AB1DC18-9F65-4C5F-AAA5-7CAFC2C3FC08}.Debug|x86.Build.0 = Debug|x86
		{7AB1DC18-9F65-4C5F-AAA5-7CAFC2C3FC08}.Release|Any CPU.ActiveCfg = Release|Any CPU
		{7AB1DC18-9F65-4C5F-AAA5-7CAFC2C3FC08}.Release|Any CPU.Build.0 = Release|Any CPU
		{7AB1DC18-9F65-4C5F-AAA5-7CAFC2C3FC08}.Release|ARM.ActiveCfg = Release|ARM
		{7AB1DC18-9F65-4C5F-AAA5-7CAFC2C3FC08}.Release|ARM.Build.0 = Release|ARM
		{7AB1DC18-9F65-4C5F-AAA5-7CAFC2C3FC08}.Release|x64.ActiveCfg = Release|x64
		{7AB1DC18-9F65-4C5F-AAA5-7CAFC2C3FC08}.Release|x64.Build.0 = Release|x64
		{7AB1DC18-9F65-4C5F-AAA5-7CAFC2C3FC08}.Release|x86.ActiveCfg = Release|x86
		{7AB1DC18-9F65-4C5F-AAA5-7CAFC2C3FC08}.Release|x86.Build.0 = Release|x86
		{B0A620E7-4D5C-4B05-A798-EE705912024B}.Debug|Any CPU.ActiveCfg = Debug|Any CPU
		{B0A620E7-4D5C-4B05-A798-EE705912024B}.Debug|Any CPU.Build.0 = Debug|Any CPU
		{B0A620E7-4D5C-4B05-A798-EE705912024B}.Debug|ARM.ActiveCfg = Debug|ARM
		{B0A620E7-4D5C-4B05-A798-EE705912024B}.Debug|ARM.Build.0 = Debug|ARM
		{B0A620E7-4D5C-4B05-A798-EE705912024B}.Debug|x64.ActiveCfg = Debug|x64
		{B0A620E7-4D5C-4B05-A798-EE705912024B}.Debug|x64.Build.0 = Debug|x64
		{B0A620E7-4D5C-4B05-A798-EE705912024B}.Debug|x86.ActiveCfg = Debug|x86
		{B0A620E7-4D5C-4B05-A798-EE705912024B}.Debug|x86.Build.0 = Debug|x86
		{B0A620E7-4D5C-4B05-A798-EE705912024B}.Release|Any CPU.ActiveCfg = Release|Any CPU
		{B0A620E7-4D5C-4B05-A798-EE705912024B}.Release|Any CPU.Build.0 = Release|Any CPU
		{B0A620E7-4D5C-4B05-A798-EE705912024B}.Release|ARM.ActiveCfg = Release|ARM
		{B0A620E7-4D5C-4B05-A798-EE705912024B}.Release|ARM.Build.0 = Release|ARM
		{B0A620E7-4D5C-4B05-A798-EE705912024B}.Release|x64.ActiveCfg = Release|x64
		{B0A620E7-4D5C-4B05-A798-EE705912024B}.Release|x64.Build.0 = Release|x64
		{B0A620E7-4D5C-4B05-A798-EE705912024B}.Release|x86.ActiveCfg = Release|x86
		{B0A620E7-4D5C-4B05-A798-EE705912024B}.Release|x86.Build.0 = Release|x86
	EndGlobalSection
	GlobalSection(SolutionProperties) = preSolution
		HideSolutionNode = FALSE
	EndGlobalSection
	GlobalSection(CodealikeProperties) = postSolution
		SolutionGuid = d717f399-1b2d-474e-b592-59216c743d02
	EndGlobalSection
EndGlobal
